{
  "name": "mern-shop2",
  "lockfileVersion": 3,
  "requires": true,
  "packages": {
    "": {
      "dependencies": {
        "@paypal/react-paypal-js": "^8.8.3"
      }
    },
    "node_modules/@paypal/paypal-js": {
      "version": "8.2.0",
      "resolved": "https://registry.npmjs.org/@paypal/paypal-js/-/paypal-js-8.2.0.tgz",
      "integrity": "sha512-hLg5wNORW3WiyMiRNJOm6cN2IqjPlClpxd971bEdm0LNpbbejQZYtesb0/0arTnySSbGcxg7MxjkZ/N5Z5qBNQ==",
      "license": "Apache-2.0",
      "dependencies": {
        "promise-polyfill": "^8.3.0"
      }
    },
    "node_modules/@paypal/react-paypal-js": {
      "version": "8.8.3",
      "resolved": "https://registry.npmjs.org/@paypal/react-paypal-js/-/react-paypal-js-8.8.3.tgz",
      "integrity": "sha512-H5s3EU7S+RFaLad3BmV9nSAmD3iaJI14mCtbngpqMm4ruMNGHjOTaSTX3jAAk/ghmzGAda2GMfyiYondO4F21Q==",
      "license": "Apache-2.0",
      "dependencies": {
        "@paypal/paypal-js": "^8.1.2",
        "@paypal/sdk-constants": "^1.0.122"
      },
      "peerDependencies": {
        "react": "^16.8.0 || ^17 || ^18 || ^19",
        "react-dom": "^16.8.0 || ^17 || ^18 || ^19"
      }
    },
    "node_modules/@paypal/sdk-constants": {
      "version": "1.0.155",
      "resolved": "https://registry.npmjs.org/@paypal/sdk-constants/-/sdk-constants-1.0.155.tgz",
      "integrity": "sha512-kETprri+6j9eBOXKXH3IStiGmgTXcIUL7ST3DTOuDXmnneQUUq1m3rHm1md9bNahC4qWay/EdKy3d/fB8MUZcA==",
      "license": "Apache-2.0",
      "dependencies": {
        "hi-base32": "^0.5.0"
      }
    },
    "node_modules/hi-base32": {
      "version": "0.5.1",
      "resolved": "https://registry.npmjs.org/hi-base32/-/hi-base32-0.5.1.tgz",
      "integrity": "sha512-EmBBpvdYh/4XxsnUybsPag6VikPYnN30td+vQk+GI3qpahVEG9+gTkG0aXVxTjBqQ5T6ijbWIu77O+C5WFWsnA==",
      "license": "MIT"
    },
    "node_modules/promise-polyfill": {
      "version": "8.3.0",
      "resolved": "https://registry.npmjs.org/promise-polyfill/-/promise-polyfill-8.3.0.tgz",
      "integrity": "sha512-H5oELycFml5yto/atYqmjyigJoAo3+OXwolYiH7OfQuYlAqhxNvTfiNMbV9hsC6Yp83yE5r2KTVmtrG6R9i6Pg==",
      "license": "MIT"
    },
    "node_modules/react": {
      "version": "19.1.0",
      "resolved": "https://registry.npmjs.org/react/-/react-19.1.0.tgz",
      "integrity": "sha512-FS+XFBNvn3GTAWq26joslQgWNoFu08F4kl0J4CgdNKADkdSGXQyTCnKteIAJy96Br6YbpEU1LSzV5dYtjMkMDg==",
      "license": "MIT",
      "peer": true,
      "engines": {
        "node": ">=0.10.0"
      }
    },
    "node_modules/react-dom": {
      "version": "19.1.0",
      "resolved": "https://registry.npmjs.org/react-dom/-/react-dom-19.1.0.tgz",
      "integrity": "sha512-Xs1hdnE+DyKgeHJeJznQmYMIBG3TKIHJJT95Q58nHLSrElKlGQqDTR2HQ9fx5CN/Gk6Vh/kupBTDLU11/nDk/g==",
      "license": "MIT",
      "peer": true,
      "dependencies": {
        "scheduler": "^0.26.0"
      },
      "peerDependencies": {
        "react": "^19.1.0"
      }
    },
    "node_modules/scheduler": {
      "version": "0.26.0",
      "resolved": "https://registry.npmjs.org/scheduler/-/scheduler-0.26.0.tgz",
      "integrity": "sha512-NlHwttCI/l5gCPR3D1nNXtWABUmBwvZpEQiD4IXSbIDq8BzLIK/7Ir5gTFSGZDUu37K5cMNp0hFtzO38sC7gWA==",
      "license": "MIT",
      "peer": true
    }
  }
}
